
Microsoft Visual Studio Solution File, Format Version 12.00
# Visual Studio Version 16
VisualStudioVersion = 16.0.31313.79
MinimumVisualStudioVersion = 10.0.40219.1
Project("{FAE04EC0-301F-11D3-BF4B-00C04F79EFBC}") = "navi", "navi\navi.csproj", "{700DA93F-F645-462C-A966-FCE23319CB8D}"
EndProject
Global
	GlobalSection(SolutionConfigurationPlatforms) = preSolution
		Debug|Any CPU = Debug|Any CPU
		Release|Any CPU = Release|Any CPU
	EndGlobalSection
	GlobalSection(ProjectConfigurationPlatforms) = postSolution
		{700DA93F-F645-462C-A966-FCE23319CB8D}.Debug|Any CPU.ActiveCfg = Debug|Any CPU
		{700DA93F-F645-462C-A966-FCE23319CB8D}.Debug|Any CPU.Build.0 = Debug|Any CPU
		{700DA93F-F645-462C-A966-FCE23319CB8D}.Release|Any CPU.ActiveCfg = Release|Any CPU
		{700DA93F-F645-462C-A966-FCE23319CB8D}.Release|Any CPU.Build.0 = Release|Any CPU
	EndGlobalSection
	GlobalSection(SolutionProperties) = preSolution
		HideSolutionNode = FALSE
	EndGlobalSection
	GlobalSection(ExtensibilityGlobals) = postSolution
		SolutionGuid = {54963FEF-F5E5-4469-AB1B-0ED1045C6A06}
	EndGlobalSection
EndGlobal
